
Microsoft Visual Studio Solution File, Format Version 12.00
# Visual Studio Version 17
VisualStudioVersion = 17.11.35327.3
MinimumVisualStudioVersion = 10.0.40219.1
Project("{FAE04EC0-301F-11D3-BF4B-00C04F79EFBC}") = "Pet Care", "Pet Care\Pet Care.csproj", "{DE6711AA-F172-4D64-AD34-B57DF73414C3}"
EndProject
Global
	GlobalSection(SolutionConfigurationPlatforms) = preSolution
		Debug|Any CPU = Debug|Any CPU
		Release|Any CPU = Release|Any CPU
	EndGlobalSection
	GlobalSection(ProjectConfigurationPlatforms) = postSolution
		{DE6711AA-F172-4D64-AD34-B57DF73414C3}.Debug|Any CPU.ActiveCfg = Debug|Any CPU
		{DE6711AA-F172-4D64-AD34-B57DF73414C3}.Debug|Any CPU.Build.0 = Debug|Any CPU
		{DE6711AA-F172-4D64-AD34-B57DF73414C3}.Release|Any CPU.ActiveCfg = Release|Any CPU
		{DE6711AA-F172-4D64-AD34-B57DF73414C3}.Release|Any CPU.Build.0 = Release|Any CPU
	EndGlobalSection
	GlobalSection(SolutionProperties) = preSolution
		HideSolutionNode = FALSE
	EndGlobalSection
	GlobalSection(ExtensibilityGlobals) = postSolution
		SolutionGuid = {5C70E69D-C6AD-4466-906A-38294A838900}
	EndGlobalSection
EndGlobal
